
Microsoft Visual Studio Solution File, Format Version 12.00
# Visual Studio Version 16
VisualStudioVersion = 16.0.29709.97
MinimumVisualStudioVersion = 10.0.40219.1
Project("{9A19103F-16F7-4668-BE54-9A1E7A4F7556}") = "API", "TRAMS-API\API.csproj", "{A46E870A-D0C1-442A-BF07-EA95B63386F4}"
EndProject
Project("{2150E333-8FDC-42A3-9474-1A3956D46DE8}") = "Solution Items", "Solution Items", "{D9FE9CCF-0B51-4BDC-9B21-AC75D59C7BB7}"
	ProjectSection(SolutionItems) = preProject
		.gitignore = .gitignore
	EndProjectSection
EndProject
Global
	GlobalSection(SolutionConfigurationPlatforms) = preSolution
		Debug|Any CPU = Debug|Any CPU
		Release|Any CPU = Release|Any CPU
	EndGlobalSection
	GlobalSection(ProjectConfigurationPlatforms) = postSolution
		{A46E870A-D0C1-442A-BF07-EA95B63386F4}.Debug|Any CPU.ActiveCfg = Debug|Any CPU
		{A46E870A-D0C1-442A-BF07-EA95B63386F4}.Debug|Any CPU.Build.0 = Debug|Any CPU
		{A46E870A-D0C1-442A-BF07-EA95B63386F4}.Release|Any CPU.ActiveCfg = Release|Any CPU
		{A46E870A-D0C1-442A-BF07-EA95B63386F4}.Release|Any CPU.Build.0 = Release|Any CPU
	EndGlobalSection
	GlobalSection(SolutionProperties) = preSolution
		HideSolutionNode = FALSE
	EndGlobalSection
	GlobalSection(ExtensibilityGlobals) = postSolution
		SolutionGuid = {66983F61-BE3A-430F-BB4D-700324104E5D}
	EndGlobalSection
EndGlobal
